
Microsoft Visual Studio Solution File, Format Version 12.00
# Visual Studio Version 16
VisualStudioVersion = 16.0.31410.357
MinimumVisualStudioVersion = 10.0.40219.1
Project("{FAE04EC0-301F-11D3-BF4B-00C04F79EFBC}") = "FileSearcher", "FileSearcher\FileSearcher.csproj", "{43476C4D-E18C-44CD-85C3-E1E5D0015277}"
EndProject
Global
	GlobalSection(SolutionConfigurationPlatforms) = preSolution
		Debug|Any CPU = Debug|Any CPU
		Release|Any CPU = Release|Any CPU
	EndGlobalSection
	GlobalSection(ProjectConfigurationPlatforms) = postSolution
		{43476C4D-E18C-44CD-85C3-E1E5D0015277}.Debug|Any CPU.ActiveCfg = Debug|Any CPU
		{43476C4D-E18C-44CD-85C3-E1E5D0015277}.Debug|Any CPU.Build.0 = Debug|Any CPU
		{43476C4D-E18C-44CD-85C3-E1E5D0015277}.Release|Any CPU.ActiveCfg = Release|Any CPU
		{43476C4D-E18C-44CD-85C3-E1E5D0015277}.Release|Any CPU.Build.0 = Release|Any CPU
	EndGlobalSection
	GlobalSection(SolutionProperties) = preSolution
		HideSolutionNode = FALSE
	EndGlobalSection
	GlobalSection(ExtensibilityGlobals) = postSolution
		SolutionGuid = {8756C482-2016-48FF-ADAB-398F2553B0B0}
	EndGlobalSection
EndGlobal
